schema: '2.0'
stages:
  get_data:
    cmd: python src/stage_01_get_data.py --config=configs/config.yaml
    deps:
    - path: configs/config.yaml
      md5: 2708073f10ab315102db6568ba7082c7
      size: 295
    - path: src/stage_01_get_data.py
      md5: 1058ee1461051087e0bfbc66394703e0
      size: 1557
    outs:
    - path: data/X_test.npy
      md5: 7942b66f2197f22a8ed486c6bc205255
      size: 7840128
    - path: data/X_train_full.npy
      md5: 6e5236d1fa7110b7d4c75d3822137908
      size: 47040128
    - path: data/y_test.npy
      md5: 3deb6f9de60479b947785b62051694b8
      size: 10128
    - path: data/y_train_full.npy
      md5: 40b22dba779a1dffd8089edc7991f797
      size: 60128
  prepare_base_model:
    cmd: python src/stage_02_prepare_base_model.py --config=configs/config.yaml --params=params.yaml
    deps:
    - path: configs/config.yaml
      md5: 2708073f10ab315102db6568ba7082c7
      size: 295
    - path: src/stage_02_prepare_base_model.py
      md5: 38947e29af7416c8901136ed344d304c
      size: 1678
    - path: src/utils/common.py
      md5: 8460252e8218203035d7b9fddf2c7169
      size: 1307
    - path: src/utils/model.py
      md5: 98b50337d9fbeeb4c2f07318a8a80fef
      size: 1792
    params:
      params.yaml:
        LEARNING_RATE: 0.001
    outs:
    - path: artifacts/model/model.h5
      md5: 4e56aae7b3ca495ad9ead5f7ce538729
      size: 1084000
